{
  "version": 1,
  "dependencies": {
    "net6.0": {
      "Microsoft.NET.Test.Sdk": {
        "type": "Direct",
        "requested": "[17.7.1, )",
        "resolved": "17.7.1",
        "contentHash": "o1qyqDOR8eMuQrC1e5EMMcE+Wm3rwES5aHNWaJpi2A5qwVOru23zsdXkndT6hgl79QsJsqKp+/RNcayIzpHjvA==",
        "dependencies": {
          "Microsoft.CodeCoverage": "17.7.1",
          "Microsoft.TestPlatform.TestHost": "17.7.1"
        }
      },
      "MSTest.TestAdapter": {
        "type": "Direct",
        "requested": "[3.1.1, )",
        "resolved": "3.1.1",
        "contentHash": "kMvdO5dhrUR3o1qk0fzS0St0prlKyMQAfz1ChVAUdGGobTU5ehR60szOFto0+Q7rFG5iXMvTlVIthXM9EcNYnw=="
      },
      "MSTest.TestFramework": {
        "type": "Direct",
        "requested": "[3.1.1, )",
        "resolved": "3.1.1",
        "contentHash": "3rjkGxciNHHmPW8cl1/QVIYjOpfptjmAH5JrLBw+dnMTYDoweg3I579N7OIbar3Zd3q9dfWFrCy2LEV/AmPn3A=="
      },
      "System.IO.Abstractions.TestingHelpers": {
        "type": "Direct",
        "requested": "[19.2.51, )",
        "resolved": "19.2.51",
        "contentHash": "Jvnh3bZJXZSphy5+C5x7XZtmAqOiuuqWym5fuax32IqL+y52GWRCfI6aLuy7V76us3UwFkGXwWRfzJnvB3z1mQ==",
        "dependencies": {
          "TestableIO.System.IO.Abstractions.TestingHelpers": "19.2.51"
        }
      },
      "System.Linq.Async": {
        "type": "Direct",
        "requested": "[6.0.1, )",
        "resolved": "6.0.1",
        "contentHash": "0YhHcaroWpQ9UCot3Pizah7ryAzQhNvobLMSxeDIGmnXfkQn8u5owvpOH0K6EVB+z9L7u6Cc4W17Br/+jyttEQ==",
        "dependencies": {
          "Microsoft.Bcl.AsyncInterfaces": "6.0.0"
        }
      },
      "Microsoft.Bcl.AsyncInterfaces": {
        "type": "Transitive",
        "resolved": "6.0.0",
        "contentHash": "UcSjPsst+DfAdJGVDsu346FX0ci0ah+lw3WRtn18NUwEqRt70HaOQ7lI72vy3+1LxtqI3T5GWwV39rQSrCzAeg=="
      },
      "Microsoft.CodeCoverage": {
        "type": "Transitive",
        "resolved": "17.7.1",
        "contentHash": "NmGwM2ZJy4CAMdJYIp53opUjnXsMbzASX5oQzgxORicJsgz5Lp50fnRI8OmQ/kYNg6dHfr3IjuUoXbsotDX+KA=="
      },
      "Microsoft.TestPlatform.ObjectModel": {
        "type": "Transitive",
        "resolved": "17.7.1",
        "contentHash": "nDmV03yHIdAiG5J3ZEjMyJM2XDjmWORuKgbrGzqlAipBEjUuy5Z5S7WwSqUv9OiaUrtCn9dNYmjfMELUi08leQ==",
        "dependencies": {
          "NuGet.Frameworks": "6.5.0",
          "System.Reflection.Metadata": "1.6.0"
        }
      },
      "Microsoft.TestPlatform.TestHost": {
        "type": "Transitive",
        "resolved": "17.7.1",
        "contentHash": "WCU1NyBarz0tih+I9K5OWN1dVo3z562Iek/VAqWNWRFWw1GeUGqB61iixrBvZO77sjTtBc1cXO8H95uImfmEdw==",
        "dependencies": {
          "Microsoft.TestPlatform.ObjectModel": "17.7.1",
          "Newtonsoft.Json": "13.0.1"
        }
      },
      "Newtonsoft.Json": {
        "type": "Transitive",
        "resolved": "13.0.1",
        "contentHash": "ppPFpBcvxdsfUonNcvITKqLl3bqxWbDCZIzDWHzjpdAHRFfZe0Dw9HmA0+za13IdyrgJwpkDTDA9fHaxOrt20A=="
      },
      "NuGet.Frameworks": {
        "type": "Transitive",
        "resolved": "6.5.0",
        "contentHash": "QWINE2x3MbTODsWT1Gh71GaGb5icBz4chS8VYvTgsBnsi8esgN6wtHhydd7fvToWECYGq7T4cgBBDiKD/363fg=="
      },
      "System.IO.Abstractions": {
        "type": "Transitive",
        "resolved": "19.2.51",
        "contentHash": "szIytKx05pZJhK1S7IVDrOUzsO1IZxWhx4FCKMZwGNJml+fpcwfLwH9n2H4TWJMJdKLGue+0x4rxMyQ6uk4nGw==",
        "dependencies": {
          "TestableIO.System.IO.Abstractions": "19.2.51",
          "TestableIO.System.IO.Abstractions.Wrappers": "19.2.51"
        }
      },
      "System.Reflection.Metadata": {
        "type": "Transitive",
        "resolved": "1.6.0",
        "contentHash": "COC1aiAJjCoA5GBF+QKL2uLqEBew4JsCkQmoHKbN3TlOZKa2fKLz5CpiRQKDz0RsAOEGsVKqOD5bomsXq/4STQ=="
      },
      "TestableIO.System.IO.Abstractions": {
        "type": "Transitive",
        "resolved": "19.2.51",
        "contentHash": "FhAE6QIDN9bJVnnCkSQjg0CaAExRT5HvtG5878xeS9mRG4ilCvqlv1SZBOv0C/egiX52hq1c/5piOFfqoO73Fg=="
      },
      "TestableIO.System.IO.Abstractions.TestingHelpers": {
        "type": "Transitive",
        "resolved": "19.2.51",
        "contentHash": "qCNPD0CIofxYj7ATyesPTybSbOVlVjtl79EgomvkATD0rluINpOld6rOdd0ZEbyagMNxYfFaiIkFKPA5WyzzCg==",
        "dependencies": {
          "TestableIO.System.IO.Abstractions": "19.2.51",
          "TestableIO.System.IO.Abstractions.Wrappers": "19.2.51"
        }
      },
      "TestableIO.System.IO.Abstractions.Wrappers": {
        "type": "Transitive",
        "resolved": "19.2.51",
        "contentHash": "cGV4o10sRtgw/JYPktnwC/aGcWrbPgYMh90f3KbbLr6IOaAHxPObca1hVbpUgmTPTC4HmoGIl13l2kqNhfnkiQ==",
        "dependencies": {
          "TestableIO.System.IO.Abstractions": "19.2.51"
        }
      },
      "kwd.coreutil": {
        "type": "Project",
        "dependencies": {
          "System.IO.Abstractions": "[19.2.51, )"
        }
      }
    },
    "net7.0": {
      "Microsoft.NET.Test.Sdk": {
        "type": "Direct",
        "requested": "[17.7.1, )",
        "resolved": "17.7.1",
        "contentHash": "o1qyqDOR8eMuQrC1e5EMMcE+Wm3rwES5aHNWaJpi2A5qwVOru23zsdXkndT6hgl79QsJsqKp+/RNcayIzpHjvA==",
        "dependencies": {
          "Microsoft.CodeCoverage": "17.7.1",
          "Microsoft.TestPlatform.TestHost": "17.7.1"
        }
      },
      "MSTest.TestAdapter": {
        "type": "Direct",
        "requested": "[3.1.1, )",
        "resolved": "3.1.1",
        "contentHash": "kMvdO5dhrUR3o1qk0fzS0St0prlKyMQAfz1ChVAUdGGobTU5ehR60szOFto0+Q7rFG5iXMvTlVIthXM9EcNYnw=="
      },
      "MSTest.TestFramework": {
        "type": "Direct",
        "requested": "[3.1.1, )",
        "resolved": "3.1.1",
        "contentHash": "3rjkGxciNHHmPW8cl1/QVIYjOpfptjmAH5JrLBw+dnMTYDoweg3I579N7OIbar3Zd3q9dfWFrCy2LEV/AmPn3A=="
      },
      "System.IO.Abstractions.TestingHelpers": {
        "type": "Direct",
        "requested": "[19.2.51, )",
        "resolved": "19.2.51",
        "contentHash": "Jvnh3bZJXZSphy5+C5x7XZtmAqOiuuqWym5fuax32IqL+y52GWRCfI6aLuy7V76us3UwFkGXwWRfzJnvB3z1mQ==",
        "dependencies": {
          "TestableIO.System.IO.Abstractions.TestingHelpers": "19.2.51"
        }
      },
      "System.Linq.Async": {
        "type": "Direct",
        "requested": "[6.0.1, )",
        "resolved": "6.0.1",
        "contentHash": "0YhHcaroWpQ9UCot3Pizah7ryAzQhNvobLMSxeDIGmnXfkQn8u5owvpOH0K6EVB+z9L7u6Cc4W17Br/+jyttEQ==",
        "dependencies": {
          "Microsoft.Bcl.AsyncInterfaces": "6.0.0"
        }
      },
      "Microsoft.Bcl.AsyncInterfaces": {
        "type": "Transitive",
        "resolved": "6.0.0",
        "contentHash": "UcSjPsst+DfAdJGVDsu346FX0ci0ah+lw3WRtn18NUwEqRt70HaOQ7lI72vy3+1LxtqI3T5GWwV39rQSrCzAeg=="
      },
      "Microsoft.CodeCoverage": {
        "type": "Transitive",
        "resolved": "17.7.1",
        "contentHash": "NmGwM2ZJy4CAMdJYIp53opUjnXsMbzASX5oQzgxORicJsgz5Lp50fnRI8OmQ/kYNg6dHfr3IjuUoXbsotDX+KA=="
      },
      "Microsoft.TestPlatform.ObjectModel": {
        "type": "Transitive",
        "resolved": "17.7.1",
        "contentHash": "nDmV03yHIdAiG5J3ZEjMyJM2XDjmWORuKgbrGzqlAipBEjUuy5Z5S7WwSqUv9OiaUrtCn9dNYmjfMELUi08leQ==",
        "dependencies": {
          "NuGet.Frameworks": "6.5.0",
          "System.Reflection.Metadata": "1.6.0"
        }
      },
      "Microsoft.TestPlatform.TestHost": {
        "type": "Transitive",
        "resolved": "17.7.1",
        "contentHash": "WCU1NyBarz0tih+I9K5OWN1dVo3z562Iek/VAqWNWRFWw1GeUGqB61iixrBvZO77sjTtBc1cXO8H95uImfmEdw==",
        "dependencies": {
          "Microsoft.TestPlatform.ObjectModel": "17.7.1",
          "Newtonsoft.Json": "13.0.1"
        }
      },
      "Newtonsoft.Json": {
        "type": "Transitive",
        "resolved": "13.0.1",
        "contentHash": "ppPFpBcvxdsfUonNcvITKqLl3bqxWbDCZIzDWHzjpdAHRFfZe0Dw9HmA0+za13IdyrgJwpkDTDA9fHaxOrt20A=="
      },
      "NuGet.Frameworks": {
        "type": "Transitive",
        "resolved": "6.5.0",
        "contentHash": "QWINE2x3MbTODsWT1Gh71GaGb5icBz4chS8VYvTgsBnsi8esgN6wtHhydd7fvToWECYGq7T4cgBBDiKD/363fg=="
      },
      "System.IO.Abstractions": {
        "type": "Transitive",
        "resolved": "19.2.51",
        "contentHash": "szIytKx05pZJhK1S7IVDrOUzsO1IZxWhx4FCKMZwGNJml+fpcwfLwH9n2H4TWJMJdKLGue+0x4rxMyQ6uk4nGw==",
        "dependencies": {
          "TestableIO.System.IO.Abstractions": "19.2.51",
          "TestableIO.System.IO.Abstractions.Wrappers": "19.2.51"
        }
      },
      "System.Reflection.Metadata": {
        "type": "Transitive",
        "resolved": "1.6.0",
        "contentHash": "COC1aiAJjCoA5GBF+QKL2uLqEBew4JsCkQmoHKbN3TlOZKa2fKLz5CpiRQKDz0RsAOEGsVKqOD5bomsXq/4STQ=="
      },
      "TestableIO.System.IO.Abstractions": {
        "type": "Transitive",
        "resolved": "19.2.51",
        "contentHash": "FhAE6QIDN9bJVnnCkSQjg0CaAExRT5HvtG5878xeS9mRG4ilCvqlv1SZBOv0C/egiX52hq1c/5piOFfqoO73Fg=="
      },
      "TestableIO.System.IO.Abstractions.TestingHelpers": {
        "type": "Transitive",
        "resolved": "19.2.51",
        "contentHash": "qCNPD0CIofxYj7ATyesPTybSbOVlVjtl79EgomvkATD0rluINpOld6rOdd0ZEbyagMNxYfFaiIkFKPA5WyzzCg==",
        "dependencies": {
          "TestableIO.System.IO.Abstractions": "19.2.51",
          "TestableIO.System.IO.Abstractions.Wrappers": "19.2.51"
        }
      },
      "TestableIO.System.IO.Abstractions.Wrappers": {
        "type": "Transitive",
        "resolved": "19.2.51",
        "contentHash": "cGV4o10sRtgw/JYPktnwC/aGcWrbPgYMh90f3KbbLr6IOaAHxPObca1hVbpUgmTPTC4HmoGIl13l2kqNhfnkiQ==",
        "dependencies": {
          "TestableIO.System.IO.Abstractions": "19.2.51"
        }
      },
      "kwd.coreutil": {
        "type": "Project",
        "dependencies": {
          "System.IO.Abstractions": "[19.2.51, )"
        }
      }
    }
  }
}