{
  "version": 1,
  "dependencies": {
    "net6.0": {
      "Microsoft.NET.Test.Sdk": {
        "type": "Direct",
        "requested": "[17.5.0, )",
        "resolved": "17.5.0",
        "contentHash": "IJ4eSPcsRbwbAZehh1M9KgejSy0u3d0wAdkJytfCh67zOaCl5U3ltruUEe15MqirdRqGmm/ngbjeaVeGapSZxg==",
        "dependencies": {
          "Microsoft.CodeCoverage": "17.5.0",
          "Microsoft.TestPlatform.TestHost": "17.5.0"
        }
      },
      "MSTest.TestAdapter": {
        "type": "Direct",
        "requested": "[3.0.2, )",
        "resolved": "3.0.2",
        "contentHash": "K1hhtevCzbogylmAnCluV/M1/Ajr5EKfxWq3nv+iYxt+gHLN4gSqT6B3tPnNqUbE4aWT1aUHagcRMnARt45NzQ=="
      },
      "MSTest.TestFramework": {
        "type": "Direct",
        "requested": "[3.0.2, )",
        "resolved": "3.0.2",
        "contentHash": "cuCE5PXK0mX0FIfY3yzDNKFqCf2FTxZhdH/Bxg4662MAWZg4TnG3rYsFzNpPECrvn8Ry6lG8TaT2Ltg1NZkC6Q=="
      },
      "System.IO.Abstractions.TestingHelpers": {
        "type": "Direct",
        "requested": "[19.2.22, )",
        "resolved": "19.2.22",
        "contentHash": "+xpNshmzweM2khIO1dPwvt7JzzlKIFOh4LutW8KgE+cPNiH/3X1vlOcZ+Q1Wgpb5qHw7OFJF6Rkk4wuY6xS68w==",
        "dependencies": {
          "TestableIO.System.IO.Abstractions.TestingHelpers": "19.2.22"
        }
      },
      "System.Linq.Async": {
        "type": "Direct",
        "requested": "[6.0.1, )",
        "resolved": "6.0.1",
        "contentHash": "0YhHcaroWpQ9UCot3Pizah7ryAzQhNvobLMSxeDIGmnXfkQn8u5owvpOH0K6EVB+z9L7u6Cc4W17Br/+jyttEQ==",
        "dependencies": {
          "Microsoft.Bcl.AsyncInterfaces": "6.0.0"
        }
      },
      "Microsoft.Bcl.AsyncInterfaces": {
        "type": "Transitive",
        "resolved": "6.0.0",
        "contentHash": "UcSjPsst+DfAdJGVDsu346FX0ci0ah+lw3WRtn18NUwEqRt70HaOQ7lI72vy3+1LxtqI3T5GWwV39rQSrCzAeg=="
      },
      "Microsoft.CodeCoverage": {
        "type": "Transitive",
        "resolved": "17.5.0",
        "contentHash": "6FQo0O6LKDqbCiIgVQhJAf810HSjFlOj7FunWaeOGDKxy8DAbpHzPk4SfBTXz9ytaaceuIIeR6hZgplt09m+ig=="
      },
      "Microsoft.TestPlatform.ObjectModel": {
        "type": "Transitive",
        "resolved": "17.5.0",
        "contentHash": "QwiBJcC/oEA1kojOaB0uPWOIo4i6BYuTBBYJVhUvmXkyYqZ2Ut/VZfgi+enf8LF8J4sjO98oRRFt39MiRorcIw==",
        "dependencies": {
          "NuGet.Frameworks": "5.11.0",
          "System.Reflection.Metadata": "1.6.0"
        }
      },
      "Microsoft.TestPlatform.TestHost": {
        "type": "Transitive",
        "resolved": "17.5.0",
        "contentHash": "X86aikwp9d4SDcBChwzQYZihTPGEtMdDk+9t64emAl7N0Tq+OmlLAoW+Rs+2FB2k6QdUicSlT4QLO2xABRokaw==",
        "dependencies": {
          "Microsoft.TestPlatform.ObjectModel": "17.5.0",
          "Newtonsoft.Json": "13.0.1"
        }
      },
      "Newtonsoft.Json": {
        "type": "Transitive",
        "resolved": "13.0.1",
        "contentHash": "ppPFpBcvxdsfUonNcvITKqLl3bqxWbDCZIzDWHzjpdAHRFfZe0Dw9HmA0+za13IdyrgJwpkDTDA9fHaxOrt20A=="
      },
      "NuGet.Frameworks": {
        "type": "Transitive",
        "resolved": "5.11.0",
        "contentHash": "eaiXkUjC4NPcquGWzAGMXjuxvLwc6XGKMptSyOGQeT0X70BUZObuybJFZLA0OfTdueLd3US23NBPTBb6iF3V1Q=="
      },
      "System.IO.Abstractions": {
        "type": "Transitive",
        "resolved": "19.2.22",
        "contentHash": "WyUxUcqmoNDF8EYeB9YgRXWB95JnIjFQNiriIzvFdb8BIS8N1HcFRK2FxD2uy1oGmR9DOG29GH+0YDSqUA8Mfw==",
        "dependencies": {
          "TestableIO.System.IO.Abstractions": "19.2.22",
          "TestableIO.System.IO.Abstractions.Wrappers": "19.2.22"
        }
      },
      "System.Reflection.Metadata": {
        "type": "Transitive",
        "resolved": "1.6.0",
        "contentHash": "COC1aiAJjCoA5GBF+QKL2uLqEBew4JsCkQmoHKbN3TlOZKa2fKLz5CpiRQKDz0RsAOEGsVKqOD5bomsXq/4STQ=="
      },
      "TestableIO.System.IO.Abstractions": {
        "type": "Transitive",
        "resolved": "19.2.22",
        "contentHash": "YofgN+s+OQz4tlNSb2fX1ncB5SRD38mU54QIdwGRS3UG7b63KAKPhp1MCcGTnN/eK4Tq1vFuZ6wa2AvEzGj5Uw=="
      },
      "TestableIO.System.IO.Abstractions.TestingHelpers": {
        "type": "Transitive",
        "resolved": "19.2.22",
        "contentHash": "9nyGYwVvI3M3d1NrZIupHy1wro+/P3SMV9SMJOWezdaP7pBSvxMVk+R3Dl6zqVLRxuXrSX9jI8Je+HB+yqynfw==",
        "dependencies": {
          "TestableIO.System.IO.Abstractions": "19.2.22",
          "TestableIO.System.IO.Abstractions.Wrappers": "19.2.22"
        }
      },
      "TestableIO.System.IO.Abstractions.Wrappers": {
        "type": "Transitive",
        "resolved": "19.2.22",
        "contentHash": "66QMIO/VTxISS2FH9oJBxt0nX5Jb3dTT01zWfehkNLG+x7ti/Upj58gLpUXEWN8eE6zL+Yi/6QSaDvIkf2ZlUA==",
        "dependencies": {
          "TestableIO.System.IO.Abstractions": "19.2.22"
        }
      },
      "kwd.coreutil": {
        "type": "Project",
        "dependencies": {
          "System.IO.Abstractions": "[19.2.22, )"
        }
      }
    },
    "net7.0": {
      "Microsoft.NET.Test.Sdk": {
        "type": "Direct",
        "requested": "[17.5.0, )",
        "resolved": "17.5.0",
        "contentHash": "IJ4eSPcsRbwbAZehh1M9KgejSy0u3d0wAdkJytfCh67zOaCl5U3ltruUEe15MqirdRqGmm/ngbjeaVeGapSZxg==",
        "dependencies": {
          "Microsoft.CodeCoverage": "17.5.0",
          "Microsoft.TestPlatform.TestHost": "17.5.0"
        }
      },
      "MSTest.TestAdapter": {
        "type": "Direct",
        "requested": "[3.0.2, )",
        "resolved": "3.0.2",
        "contentHash": "K1hhtevCzbogylmAnCluV/M1/Ajr5EKfxWq3nv+iYxt+gHLN4gSqT6B3tPnNqUbE4aWT1aUHagcRMnARt45NzQ=="
      },
      "MSTest.TestFramework": {
        "type": "Direct",
        "requested": "[3.0.2, )",
        "resolved": "3.0.2",
        "contentHash": "cuCE5PXK0mX0FIfY3yzDNKFqCf2FTxZhdH/Bxg4662MAWZg4TnG3rYsFzNpPECrvn8Ry6lG8TaT2Ltg1NZkC6Q=="
      },
      "System.IO.Abstractions.TestingHelpers": {
        "type": "Direct",
        "requested": "[19.2.22, )",
        "resolved": "19.2.22",
        "contentHash": "+xpNshmzweM2khIO1dPwvt7JzzlKIFOh4LutW8KgE+cPNiH/3X1vlOcZ+Q1Wgpb5qHw7OFJF6Rkk4wuY6xS68w==",
        "dependencies": {
          "TestableIO.System.IO.Abstractions.TestingHelpers": "19.2.22"
        }
      },
      "System.Linq.Async": {
        "type": "Direct",
        "requested": "[6.0.1, )",
        "resolved": "6.0.1",
        "contentHash": "0YhHcaroWpQ9UCot3Pizah7ryAzQhNvobLMSxeDIGmnXfkQn8u5owvpOH0K6EVB+z9L7u6Cc4W17Br/+jyttEQ==",
        "dependencies": {
          "Microsoft.Bcl.AsyncInterfaces": "6.0.0"
        }
      },
      "Microsoft.Bcl.AsyncInterfaces": {
        "type": "Transitive",
        "resolved": "6.0.0",
        "contentHash": "UcSjPsst+DfAdJGVDsu346FX0ci0ah+lw3WRtn18NUwEqRt70HaOQ7lI72vy3+1LxtqI3T5GWwV39rQSrCzAeg=="
      },
      "Microsoft.CodeCoverage": {
        "type": "Transitive",
        "resolved": "17.5.0",
        "contentHash": "6FQo0O6LKDqbCiIgVQhJAf810HSjFlOj7FunWaeOGDKxy8DAbpHzPk4SfBTXz9ytaaceuIIeR6hZgplt09m+ig=="
      },
      "Microsoft.TestPlatform.ObjectModel": {
        "type": "Transitive",
        "resolved": "17.5.0",
        "contentHash": "QwiBJcC/oEA1kojOaB0uPWOIo4i6BYuTBBYJVhUvmXkyYqZ2Ut/VZfgi+enf8LF8J4sjO98oRRFt39MiRorcIw==",
        "dependencies": {
          "NuGet.Frameworks": "5.11.0",
          "System.Reflection.Metadata": "1.6.0"
        }
      },
      "Microsoft.TestPlatform.TestHost": {
        "type": "Transitive",
        "resolved": "17.5.0",
        "contentHash": "X86aikwp9d4SDcBChwzQYZihTPGEtMdDk+9t64emAl7N0Tq+OmlLAoW+Rs+2FB2k6QdUicSlT4QLO2xABRokaw==",
        "dependencies": {
          "Microsoft.TestPlatform.ObjectModel": "17.5.0",
          "Newtonsoft.Json": "13.0.1"
        }
      },
      "Newtonsoft.Json": {
        "type": "Transitive",
        "resolved": "13.0.1",
        "contentHash": "ppPFpBcvxdsfUonNcvITKqLl3bqxWbDCZIzDWHzjpdAHRFfZe0Dw9HmA0+za13IdyrgJwpkDTDA9fHaxOrt20A=="
      },
      "NuGet.Frameworks": {
        "type": "Transitive",
        "resolved": "5.11.0",
        "contentHash": "eaiXkUjC4NPcquGWzAGMXjuxvLwc6XGKMptSyOGQeT0X70BUZObuybJFZLA0OfTdueLd3US23NBPTBb6iF3V1Q=="
      },
      "System.IO.Abstractions": {
        "type": "Transitive",
        "resolved": "19.2.22",
        "contentHash": "WyUxUcqmoNDF8EYeB9YgRXWB95JnIjFQNiriIzvFdb8BIS8N1HcFRK2FxD2uy1oGmR9DOG29GH+0YDSqUA8Mfw==",
        "dependencies": {
          "TestableIO.System.IO.Abstractions": "19.2.22",
          "TestableIO.System.IO.Abstractions.Wrappers": "19.2.22"
        }
      },
      "System.Reflection.Metadata": {
        "type": "Transitive",
        "resolved": "1.6.0",
        "contentHash": "COC1aiAJjCoA5GBF+QKL2uLqEBew4JsCkQmoHKbN3TlOZKa2fKLz5CpiRQKDz0RsAOEGsVKqOD5bomsXq/4STQ=="
      },
      "TestableIO.System.IO.Abstractions": {
        "type": "Transitive",
        "resolved": "19.2.22",
        "contentHash": "YofgN+s+OQz4tlNSb2fX1ncB5SRD38mU54QIdwGRS3UG7b63KAKPhp1MCcGTnN/eK4Tq1vFuZ6wa2AvEzGj5Uw=="
      },
      "TestableIO.System.IO.Abstractions.TestingHelpers": {
        "type": "Transitive",
        "resolved": "19.2.22",
        "contentHash": "9nyGYwVvI3M3d1NrZIupHy1wro+/P3SMV9SMJOWezdaP7pBSvxMVk+R3Dl6zqVLRxuXrSX9jI8Je+HB+yqynfw==",
        "dependencies": {
          "TestableIO.System.IO.Abstractions": "19.2.22",
          "TestableIO.System.IO.Abstractions.Wrappers": "19.2.22"
        }
      },
      "TestableIO.System.IO.Abstractions.Wrappers": {
        "type": "Transitive",
        "resolved": "19.2.22",
        "contentHash": "66QMIO/VTxISS2FH9oJBxt0nX5Jb3dTT01zWfehkNLG+x7ti/Upj58gLpUXEWN8eE6zL+Yi/6QSaDvIkf2ZlUA==",
        "dependencies": {
          "TestableIO.System.IO.Abstractions": "19.2.22"
        }
      },
      "kwd.coreutil": {
        "type": "Project",
        "dependencies": {
          "System.IO.Abstractions": "[19.2.22, )"
        }
      }
    }
  }
}