{
  "version": 1,
  "dependencies": {
    "net6.0": {
      "Microsoft.NET.Test.Sdk": {
        "type": "Direct",
        "requested": "[17.8.0, )",
        "resolved": "17.8.0",
        "contentHash": "BmTYGbD/YuDHmApIENdoyN1jCk0Rj1fJB0+B/fVekyTdVidr91IlzhqzytiUgaEAzL1ZJcYCme0MeBMYvJVzvw==",
        "dependencies": {
          "Microsoft.CodeCoverage": "17.8.0",
          "Microsoft.TestPlatform.TestHost": "17.8.0"
        }
      },
      "MSTest.TestAdapter": {
        "type": "Direct",
        "requested": "[3.1.1, )",
        "resolved": "3.1.1",
        "contentHash": "kMvdO5dhrUR3o1qk0fzS0St0prlKyMQAfz1ChVAUdGGobTU5ehR60szOFto0+Q7rFG5iXMvTlVIthXM9EcNYnw=="
      },
      "MSTest.TestFramework": {
        "type": "Direct",
        "requested": "[3.1.1, )",
        "resolved": "3.1.1",
        "contentHash": "3rjkGxciNHHmPW8cl1/QVIYjOpfptjmAH5JrLBw+dnMTYDoweg3I579N7OIbar3Zd3q9dfWFrCy2LEV/AmPn3A=="
      },
      "System.IO.Abstractions.TestingHelpers": {
        "type": "Direct",
        "requested": "[19.2.87, )",
        "resolved": "19.2.87",
        "contentHash": "/JjFje0RVP0QxJGmAU/58e4mwbDOAOQZPOBc8aXN8YsBon+PCRk5JRV8ozcf1p8XHcISqLBe8WRqTQTD0RBcFw==",
        "dependencies": {
          "TestableIO.System.IO.Abstractions.TestingHelpers": "19.2.87"
        }
      },
      "System.Linq.Async": {
        "type": "Direct",
        "requested": "[6.0.1, )",
        "resolved": "6.0.1",
        "contentHash": "0YhHcaroWpQ9UCot3Pizah7ryAzQhNvobLMSxeDIGmnXfkQn8u5owvpOH0K6EVB+z9L7u6Cc4W17Br/+jyttEQ==",
        "dependencies": {
          "Microsoft.Bcl.AsyncInterfaces": "6.0.0"
        }
      },
      "Microsoft.Bcl.AsyncInterfaces": {
        "type": "Transitive",
        "resolved": "6.0.0",
        "contentHash": "UcSjPsst+DfAdJGVDsu346FX0ci0ah+lw3WRtn18NUwEqRt70HaOQ7lI72vy3+1LxtqI3T5GWwV39rQSrCzAeg=="
      },
      "Microsoft.CodeCoverage": {
        "type": "Transitive",
        "resolved": "17.8.0",
        "contentHash": "KC8SXWbGIdoFVdlxKk9WHccm0llm9HypcHMLUUFabRiTS3SO2fQXNZfdiF3qkEdTJhbRrxhdRxjL4jbtwPq4Ew=="
      },
      "Microsoft.TestPlatform.ObjectModel": {
        "type": "Transitive",
        "resolved": "17.8.0",
        "contentHash": "AYy6vlpGMfz5kOFq99L93RGbqftW/8eQTqjT9iGXW6s9MRP3UdtY8idJ8rJcjeSja8A18IhIro5YnH3uv1nz4g==",
        "dependencies": {
          "NuGet.Frameworks": "6.5.0",
          "System.Reflection.Metadata": "1.6.0"
        }
      },
      "Microsoft.TestPlatform.TestHost": {
        "type": "Transitive",
        "resolved": "17.8.0",
        "contentHash": "9ivcl/7SGRmOT0YYrHQGohWiT5YCpkmy/UEzldfVisLm6QxbLaK3FAJqZXI34rnRLmqqDCeMQxKINwmKwAPiDw==",
        "dependencies": {
          "Microsoft.TestPlatform.ObjectModel": "17.8.0",
          "Newtonsoft.Json": "13.0.1"
        }
      },
      "Newtonsoft.Json": {
        "type": "Transitive",
        "resolved": "13.0.1",
        "contentHash": "ppPFpBcvxdsfUonNcvITKqLl3bqxWbDCZIzDWHzjpdAHRFfZe0Dw9HmA0+za13IdyrgJwpkDTDA9fHaxOrt20A=="
      },
      "NuGet.Frameworks": {
        "type": "Transitive",
        "resolved": "6.5.0",
        "contentHash": "QWINE2x3MbTODsWT1Gh71GaGb5icBz4chS8VYvTgsBnsi8esgN6wtHhydd7fvToWECYGq7T4cgBBDiKD/363fg=="
      },
      "System.IO.Abstractions": {
        "type": "Transitive",
        "resolved": "19.2.87",
        "contentHash": "/plRdBOQzS2vGuoD+u9yjcjpxivFvbnB791xLvGIaxU8EWdjzNWt185kfaj6/HKFLxrkc3lKhjUbl5DzqZ069w==",
        "dependencies": {
          "TestableIO.System.IO.Abstractions": "19.2.87",
          "TestableIO.System.IO.Abstractions.Wrappers": "19.2.87"
        }
      },
      "System.Reflection.Metadata": {
        "type": "Transitive",
        "resolved": "1.6.0",
        "contentHash": "COC1aiAJjCoA5GBF+QKL2uLqEBew4JsCkQmoHKbN3TlOZKa2fKLz5CpiRQKDz0RsAOEGsVKqOD5bomsXq/4STQ=="
      },
      "TestableIO.System.IO.Abstractions": {
        "type": "Transitive",
        "resolved": "19.2.87",
        "contentHash": "wxsAThFm6cvvoht4hV++DvHrmLLCpEKwywzNxgJJEmXKkvnEDGCkRWyoAKmrBNKhxwX8QGoBT9cOYCCX7vrt4Q=="
      },
      "TestableIO.System.IO.Abstractions.TestingHelpers": {
        "type": "Transitive",
        "resolved": "19.2.87",
        "contentHash": "UiPgRJy6P3RsJaCBSCo5xHeWdMJOjl/NvsDtRjZfrIMeMsQ5aJmwMkytRhhbmLbUgwo/CU+b0FH6JzZNI5fevg==",
        "dependencies": {
          "TestableIO.System.IO.Abstractions": "19.2.87",
          "TestableIO.System.IO.Abstractions.Wrappers": "19.2.87"
        }
      },
      "TestableIO.System.IO.Abstractions.Wrappers": {
        "type": "Transitive",
        "resolved": "19.2.87",
        "contentHash": "2Fa0guLdRYRCpQte/TNVvLCTMRfaTxFZS/32OugutLpymvQV8qQmBwgb9fM9nPcn/Kt11oZ2kRfiuLlLlZRLew==",
        "dependencies": {
          "TestableIO.System.IO.Abstractions": "19.2.87"
        }
      },
      "kwd.coreutil": {
        "type": "Project",
        "dependencies": {
          "System.IO.Abstractions": "[19.2.87, )"
        }
      }
    },
    "net7.0": {
      "Microsoft.NET.Test.Sdk": {
        "type": "Direct",
        "requested": "[17.8.0, )",
        "resolved": "17.8.0",
        "contentHash": "BmTYGbD/YuDHmApIENdoyN1jCk0Rj1fJB0+B/fVekyTdVidr91IlzhqzytiUgaEAzL1ZJcYCme0MeBMYvJVzvw==",
        "dependencies": {
          "Microsoft.CodeCoverage": "17.8.0",
          "Microsoft.TestPlatform.TestHost": "17.8.0"
        }
      },
      "MSTest.TestAdapter": {
        "type": "Direct",
        "requested": "[3.1.1, )",
        "resolved": "3.1.1",
        "contentHash": "kMvdO5dhrUR3o1qk0fzS0St0prlKyMQAfz1ChVAUdGGobTU5ehR60szOFto0+Q7rFG5iXMvTlVIthXM9EcNYnw=="
      },
      "MSTest.TestFramework": {
        "type": "Direct",
        "requested": "[3.1.1, )",
        "resolved": "3.1.1",
        "contentHash": "3rjkGxciNHHmPW8cl1/QVIYjOpfptjmAH5JrLBw+dnMTYDoweg3I579N7OIbar3Zd3q9dfWFrCy2LEV/AmPn3A=="
      },
      "System.IO.Abstractions.TestingHelpers": {
        "type": "Direct",
        "requested": "[19.2.87, )",
        "resolved": "19.2.87",
        "contentHash": "/JjFje0RVP0QxJGmAU/58e4mwbDOAOQZPOBc8aXN8YsBon+PCRk5JRV8ozcf1p8XHcISqLBe8WRqTQTD0RBcFw==",
        "dependencies": {
          "TestableIO.System.IO.Abstractions.TestingHelpers": "19.2.87"
        }
      },
      "System.Linq.Async": {
        "type": "Direct",
        "requested": "[6.0.1, )",
        "resolved": "6.0.1",
        "contentHash": "0YhHcaroWpQ9UCot3Pizah7ryAzQhNvobLMSxeDIGmnXfkQn8u5owvpOH0K6EVB+z9L7u6Cc4W17Br/+jyttEQ==",
        "dependencies": {
          "Microsoft.Bcl.AsyncInterfaces": "6.0.0"
        }
      },
      "Microsoft.Bcl.AsyncInterfaces": {
        "type": "Transitive",
        "resolved": "6.0.0",
        "contentHash": "UcSjPsst+DfAdJGVDsu346FX0ci0ah+lw3WRtn18NUwEqRt70HaOQ7lI72vy3+1LxtqI3T5GWwV39rQSrCzAeg=="
      },
      "Microsoft.CodeCoverage": {
        "type": "Transitive",
        "resolved": "17.8.0",
        "contentHash": "KC8SXWbGIdoFVdlxKk9WHccm0llm9HypcHMLUUFabRiTS3SO2fQXNZfdiF3qkEdTJhbRrxhdRxjL4jbtwPq4Ew=="
      },
      "Microsoft.TestPlatform.ObjectModel": {
        "type": "Transitive",
        "resolved": "17.8.0",
        "contentHash": "AYy6vlpGMfz5kOFq99L93RGbqftW/8eQTqjT9iGXW6s9MRP3UdtY8idJ8rJcjeSja8A18IhIro5YnH3uv1nz4g==",
        "dependencies": {
          "NuGet.Frameworks": "6.5.0",
          "System.Reflection.Metadata": "1.6.0"
        }
      },
      "Microsoft.TestPlatform.TestHost": {
        "type": "Transitive",
        "resolved": "17.8.0",
        "contentHash": "9ivcl/7SGRmOT0YYrHQGohWiT5YCpkmy/UEzldfVisLm6QxbLaK3FAJqZXI34rnRLmqqDCeMQxKINwmKwAPiDw==",
        "dependencies": {
          "Microsoft.TestPlatform.ObjectModel": "17.8.0",
          "Newtonsoft.Json": "13.0.1"
        }
      },
      "Newtonsoft.Json": {
        "type": "Transitive",
        "resolved": "13.0.1",
        "contentHash": "ppPFpBcvxdsfUonNcvITKqLl3bqxWbDCZIzDWHzjpdAHRFfZe0Dw9HmA0+za13IdyrgJwpkDTDA9fHaxOrt20A=="
      },
      "NuGet.Frameworks": {
        "type": "Transitive",
        "resolved": "6.5.0",
        "contentHash": "QWINE2x3MbTODsWT1Gh71GaGb5icBz4chS8VYvTgsBnsi8esgN6wtHhydd7fvToWECYGq7T4cgBBDiKD/363fg=="
      },
      "System.IO.Abstractions": {
        "type": "Transitive",
        "resolved": "19.2.87",
        "contentHash": "/plRdBOQzS2vGuoD+u9yjcjpxivFvbnB791xLvGIaxU8EWdjzNWt185kfaj6/HKFLxrkc3lKhjUbl5DzqZ069w==",
        "dependencies": {
          "TestableIO.System.IO.Abstractions": "19.2.87",
          "TestableIO.System.IO.Abstractions.Wrappers": "19.2.87"
        }
      },
      "System.Reflection.Metadata": {
        "type": "Transitive",
        "resolved": "1.6.0",
        "contentHash": "COC1aiAJjCoA5GBF+QKL2uLqEBew4JsCkQmoHKbN3TlOZKa2fKLz5CpiRQKDz0RsAOEGsVKqOD5bomsXq/4STQ=="
      },
      "TestableIO.System.IO.Abstractions": {
        "type": "Transitive",
        "resolved": "19.2.87",
        "contentHash": "wxsAThFm6cvvoht4hV++DvHrmLLCpEKwywzNxgJJEmXKkvnEDGCkRWyoAKmrBNKhxwX8QGoBT9cOYCCX7vrt4Q=="
      },
      "TestableIO.System.IO.Abstractions.TestingHelpers": {
        "type": "Transitive",
        "resolved": "19.2.87",
        "contentHash": "UiPgRJy6P3RsJaCBSCo5xHeWdMJOjl/NvsDtRjZfrIMeMsQ5aJmwMkytRhhbmLbUgwo/CU+b0FH6JzZNI5fevg==",
        "dependencies": {
          "TestableIO.System.IO.Abstractions": "19.2.87",
          "TestableIO.System.IO.Abstractions.Wrappers": "19.2.87"
        }
      },
      "TestableIO.System.IO.Abstractions.Wrappers": {
        "type": "Transitive",
        "resolved": "19.2.87",
        "contentHash": "2Fa0guLdRYRCpQte/TNVvLCTMRfaTxFZS/32OugutLpymvQV8qQmBwgb9fM9nPcn/Kt11oZ2kRfiuLlLlZRLew==",
        "dependencies": {
          "TestableIO.System.IO.Abstractions": "19.2.87"
        }
      },
      "kwd.coreutil": {
        "type": "Project",
        "dependencies": {
          "System.IO.Abstractions": "[19.2.87, )"
        }
      }
    },
    "net8.0": {
      "Microsoft.NET.Test.Sdk": {
        "type": "Direct",
        "requested": "[17.8.0, )",
        "resolved": "17.8.0",
        "contentHash": "BmTYGbD/YuDHmApIENdoyN1jCk0Rj1fJB0+B/fVekyTdVidr91IlzhqzytiUgaEAzL1ZJcYCme0MeBMYvJVzvw==",
        "dependencies": {
          "Microsoft.CodeCoverage": "17.8.0",
          "Microsoft.TestPlatform.TestHost": "17.8.0"
        }
      },
      "MSTest.TestAdapter": {
        "type": "Direct",
        "requested": "[3.1.1, )",
        "resolved": "3.1.1",
        "contentHash": "kMvdO5dhrUR3o1qk0fzS0St0prlKyMQAfz1ChVAUdGGobTU5ehR60szOFto0+Q7rFG5iXMvTlVIthXM9EcNYnw=="
      },
      "MSTest.TestFramework": {
        "type": "Direct",
        "requested": "[3.1.1, )",
        "resolved": "3.1.1",
        "contentHash": "3rjkGxciNHHmPW8cl1/QVIYjOpfptjmAH5JrLBw+dnMTYDoweg3I579N7OIbar3Zd3q9dfWFrCy2LEV/AmPn3A=="
      },
      "System.IO.Abstractions.TestingHelpers": {
        "type": "Direct",
        "requested": "[19.2.87, )",
        "resolved": "19.2.87",
        "contentHash": "/JjFje0RVP0QxJGmAU/58e4mwbDOAOQZPOBc8aXN8YsBon+PCRk5JRV8ozcf1p8XHcISqLBe8WRqTQTD0RBcFw==",
        "dependencies": {
          "TestableIO.System.IO.Abstractions.TestingHelpers": "19.2.87"
        }
      },
      "System.Linq.Async": {
        "type": "Direct",
        "requested": "[6.0.1, )",
        "resolved": "6.0.1",
        "contentHash": "0YhHcaroWpQ9UCot3Pizah7ryAzQhNvobLMSxeDIGmnXfkQn8u5owvpOH0K6EVB+z9L7u6Cc4W17Br/+jyttEQ==",
        "dependencies": {
          "Microsoft.Bcl.AsyncInterfaces": "6.0.0"
        }
      },
      "Microsoft.Bcl.AsyncInterfaces": {
        "type": "Transitive",
        "resolved": "6.0.0",
        "contentHash": "UcSjPsst+DfAdJGVDsu346FX0ci0ah+lw3WRtn18NUwEqRt70HaOQ7lI72vy3+1LxtqI3T5GWwV39rQSrCzAeg=="
      },
      "Microsoft.CodeCoverage": {
        "type": "Transitive",
        "resolved": "17.8.0",
        "contentHash": "KC8SXWbGIdoFVdlxKk9WHccm0llm9HypcHMLUUFabRiTS3SO2fQXNZfdiF3qkEdTJhbRrxhdRxjL4jbtwPq4Ew=="
      },
      "Microsoft.TestPlatform.ObjectModel": {
        "type": "Transitive",
        "resolved": "17.8.0",
        "contentHash": "AYy6vlpGMfz5kOFq99L93RGbqftW/8eQTqjT9iGXW6s9MRP3UdtY8idJ8rJcjeSja8A18IhIro5YnH3uv1nz4g==",
        "dependencies": {
          "NuGet.Frameworks": "6.5.0",
          "System.Reflection.Metadata": "1.6.0"
        }
      },
      "Microsoft.TestPlatform.TestHost": {
        "type": "Transitive",
        "resolved": "17.8.0",
        "contentHash": "9ivcl/7SGRmOT0YYrHQGohWiT5YCpkmy/UEzldfVisLm6QxbLaK3FAJqZXI34rnRLmqqDCeMQxKINwmKwAPiDw==",
        "dependencies": {
          "Microsoft.TestPlatform.ObjectModel": "17.8.0",
          "Newtonsoft.Json": "13.0.1"
        }
      },
      "Newtonsoft.Json": {
        "type": "Transitive",
        "resolved": "13.0.1",
        "contentHash": "ppPFpBcvxdsfUonNcvITKqLl3bqxWbDCZIzDWHzjpdAHRFfZe0Dw9HmA0+za13IdyrgJwpkDTDA9fHaxOrt20A=="
      },
      "NuGet.Frameworks": {
        "type": "Transitive",
        "resolved": "6.5.0",
        "contentHash": "QWINE2x3MbTODsWT1Gh71GaGb5icBz4chS8VYvTgsBnsi8esgN6wtHhydd7fvToWECYGq7T4cgBBDiKD/363fg=="
      },
      "System.IO.Abstractions": {
        "type": "Transitive",
        "resolved": "19.2.87",
        "contentHash": "/plRdBOQzS2vGuoD+u9yjcjpxivFvbnB791xLvGIaxU8EWdjzNWt185kfaj6/HKFLxrkc3lKhjUbl5DzqZ069w==",
        "dependencies": {
          "TestableIO.System.IO.Abstractions": "19.2.87",
          "TestableIO.System.IO.Abstractions.Wrappers": "19.2.87"
        }
      },
      "System.Reflection.Metadata": {
        "type": "Transitive",
        "resolved": "1.6.0",
        "contentHash": "COC1aiAJjCoA5GBF+QKL2uLqEBew4JsCkQmoHKbN3TlOZKa2fKLz5CpiRQKDz0RsAOEGsVKqOD5bomsXq/4STQ=="
      },
      "TestableIO.System.IO.Abstractions": {
        "type": "Transitive",
        "resolved": "19.2.87",
        "contentHash": "wxsAThFm6cvvoht4hV++DvHrmLLCpEKwywzNxgJJEmXKkvnEDGCkRWyoAKmrBNKhxwX8QGoBT9cOYCCX7vrt4Q=="
      },
      "TestableIO.System.IO.Abstractions.TestingHelpers": {
        "type": "Transitive",
        "resolved": "19.2.87",
        "contentHash": "UiPgRJy6P3RsJaCBSCo5xHeWdMJOjl/NvsDtRjZfrIMeMsQ5aJmwMkytRhhbmLbUgwo/CU+b0FH6JzZNI5fevg==",
        "dependencies": {
          "TestableIO.System.IO.Abstractions": "19.2.87",
          "TestableIO.System.IO.Abstractions.Wrappers": "19.2.87"
        }
      },
      "TestableIO.System.IO.Abstractions.Wrappers": {
        "type": "Transitive",
        "resolved": "19.2.87",
        "contentHash": "2Fa0guLdRYRCpQte/TNVvLCTMRfaTxFZS/32OugutLpymvQV8qQmBwgb9fM9nPcn/Kt11oZ2kRfiuLlLlZRLew==",
        "dependencies": {
          "TestableIO.System.IO.Abstractions": "19.2.87"
        }
      },
      "kwd.coreutil": {
        "type": "Project",
        "dependencies": {
          "System.IO.Abstractions": "[19.2.87, )"
        }
      }
    }
  }
}