
Microsoft Visual Studio Solution File, Format Version 12.00
# Visual Studio Version 17
VisualStudioVersion = 17.6.33723.286
MinimumVisualStudioVersion = 10.0.40219.1
Project("{9A19103F-16F7-4668-BE54-9A1E7A4F7556}") = "kwd.CoreUtil", "kwd.CoreUtil\kwd.CoreUtil.csproj", "{4A1CB7CF-A750-46DD-916D-6C661EE4F4E1}"
EndProject
Project("{2150E333-8FDC-42A3-9474-1A3956D46DE8}") = "Solution Items", "Solution Items", "{B1CAE2A8-E429-4452-A6E1-C1834064A370}"
	ProjectSection(SolutionItems) = preProject
		..\.gitignore = ..\.gitignore
		..\.github\dependabot.yml = ..\.github\dependabot.yml
		..\.github\FUNDING.yml = ..\.github\FUNDING.yml
		..\Readme.md = ..\Readme.md
	EndProjectSection
EndProject
Project("{9A19103F-16F7-4668-BE54-9A1E7A4F7556}") = "kwd.CoreUtil.Tests", "kwd.CoreUtil.Tests\kwd.CoreUtil.Tests.csproj", "{CF460207-D7E8-4978-B4AB-24468342919C}"
EndProject
Project("{9A19103F-16F7-4668-BE54-9A1E7A4F7556}") = "kwd.CoreUtil.Doc", "kwd.CoreUtil.Doc\kwd.CoreUtil.Doc.csproj", "{4F6075B1-090B-4A4F-93CC-ADBE99AB1733}"
EndProject
Global
	GlobalSection(SolutionConfigurationPlatforms) = preSolution
		Debug|Any CPU = Debug|Any CPU
		Release|Any CPU = Release|Any CPU
	EndGlobalSection
	GlobalSection(ProjectConfigurationPlatforms) = postSolution
		{4A1CB7CF-A750-46DD-916D-6C661EE4F4E1}.Debug|Any CPU.ActiveCfg = Debug|Any CPU
		{4A1CB7CF-A750-46DD-916D-6C661EE4F4E1}.Debug|Any CPU.Build.0 = Debug|Any CPU
		{4A1CB7CF-A750-46DD-916D-6C661EE4F4E1}.Release|Any CPU.ActiveCfg = Release|Any CPU
		{4A1CB7CF-A750-46DD-916D-6C661EE4F4E1}.Release|Any CPU.Build.0 = Release|Any CPU
		{CF460207-D7E8-4978-B4AB-24468342919C}.Debug|Any CPU.ActiveCfg = Debug|Any CPU
		{CF460207-D7E8-4978-B4AB-24468342919C}.Debug|Any CPU.Build.0 = Debug|Any CPU
		{CF460207-D7E8-4978-B4AB-24468342919C}.Release|Any CPU.ActiveCfg = Release|Any CPU
		{CF460207-D7E8-4978-B4AB-24468342919C}.Release|Any CPU.Build.0 = Release|Any CPU
		{4F6075B1-090B-4A4F-93CC-ADBE99AB1733}.Debug|Any CPU.ActiveCfg = Debug|Any CPU
		{4F6075B1-090B-4A4F-93CC-ADBE99AB1733}.Debug|Any CPU.Build.0 = Debug|Any CPU
		{4F6075B1-090B-4A4F-93CC-ADBE99AB1733}.Release|Any CPU.ActiveCfg = Release|Any CPU
		{4F6075B1-090B-4A4F-93CC-ADBE99AB1733}.Release|Any CPU.Build.0 = Release|Any CPU
	EndGlobalSection
	GlobalSection(SolutionProperties) = preSolution
		HideSolutionNode = FALSE
	EndGlobalSection
	GlobalSection(ExtensibilityGlobals) = postSolution
		SolutionGuid = {87E231CF-D590-4868-A5B3-ED2626374FF1}
	EndGlobalSection
EndGlobal
